
Microsoft Visual Studio Solution File, Format Version 12.00
# Visual Studio 15
VisualStudioVersion = 15.0.27703.2026
MinimumVisualStudioVersion = 10.0.40219.1
Project("{FAE04EC0-301F-11D3-BF4B-00C04F79EFBC}") = "decisions", "decisions\decisions.csproj", "{685409EC-77BB-410D-B63A-E2508818A6D8}"
EndProject
Global
	GlobalSection(SolutionConfigurationPlatforms) = preSolution
		Debug|Any CPU = Debug|Any CPU
		Release|Any CPU = Release|Any CPU
	EndGlobalSection
	GlobalSection(ProjectConfigurationPlatforms) = postSolution
		{685409EC-77BB-410D-B63A-E2508818A6D8}.Debug|Any CPU.ActiveCfg = Debug|Any CPU
		{685409EC-77BB-410D-B63A-E2508818A6D8}.Debug|Any CPU.Build.0 = Debug|Any CPU
		{685409EC-77BB-410D-B63A-E2508818A6D8}.Release|Any CPU.ActiveCfg = Release|Any CPU
		{685409EC-77BB-410D-B63A-E2508818A6D8}.Release|Any CPU.Build.0 = Release|Any CPU
	EndGlobalSection
	GlobalSection(SolutionProperties) = preSolution
		HideSolutionNode = FALSE
	EndGlobalSection
	GlobalSection(ExtensibilityGlobals) = postSolution
		SolutionGuid = {8FF2007A-6175-43F7-B4F5-B16053BCCF4C}
	EndGlobalSection
EndGlobal
